// !$*UTF8*$!
{
	archiveVersion = 1;
	classes = {
	};
	objectVersion = 46;
	objects = {

/* Begin PBXBuildFile section */
		954002CC1AE28A6900AB8D69 /* AppDelegate.swift in Sources */ = {isa = PBXBuildFile; fileRef = 954002CB1AE28A6900AB8D69 /* AppDelegate.swift */; };
		954002CE1AE28A6900AB8D69 /* MainViewController.swift in Sources */ = {isa = PBXBuildFile; fileRef = 954002CD1AE28A6900AB8D69 /* MainViewController.swift */; };
		954002D11AE28A6900AB8D69 /* Main.storyboard in Resources */ = {isa = PBXBuildFile; fileRef = 954002CF1AE28A6900AB8D69 /* Main.storyboard */; };
		954002D61AE28A6900AB8D69 /* LaunchScreen.xib in Resources */ = {isa = PBXBuildFile; fileRef = 954002D41AE28A6900AB8D69 /* LaunchScreen.xib */; };
		954002E21AE28A6900AB8D69 /* My_plant_and_meTests.swift in Sources */ = {isa = PBXBuildFile; fileRef = 954002E11AE28A6900AB8D69 /* My_plant_and_meTests.swift */; };
		954002EC1AE28F0600AB8D69 /* plantModel.swift in Sources */ = {isa = PBXBuildFile; fileRef = 954002EB1AE28F0600AB8D69 /* plantModel.swift */; };
		954002EE1AE293BF00AB8D69 /* PlantComunicator.swift in Sources */ = {isa = PBXBuildFile; fileRef = 954002ED1AE293BF00AB8D69 /* PlantComunicator.swift */; };
		954002F01AE2A11000AB8D69 /* Media.xcassets in Resources */ = {isa = PBXBuildFile; fileRef = 954002EF1AE2A11000AB8D69 /* Media.xcassets */; };
		954003061AE2EB1000AB8D69 /* SwiftHTTP.framework in Frameworks */ = {isa = PBXBuildFile; fileRef = 954002FB1AE2D50A00AB8D69 /* SwiftHTTP.framework */; };
		9540033A1AE2EE5200AB8D69 /* JSONJoy.framework in Frameworks */ = {isa = PBXBuildFile; fileRef = 954003311AE2EE3800AB8D69 /* JSONJoy.framework */; };
		9540081B1AE3438500AB8D69 /* GraphDataViewController.swift in Sources */ = {isa = PBXBuildFile; fileRef = 9540081A1AE3438500AB8D69 /* GraphDataViewController.swift */; };
/* End PBXBuildFile section */

/* Begin PBXContainerItemProxy section */
		954002DC1AE28A6900AB8D69 /* PBXContainerItemProxy */ = {
			isa = PBXContainerItemProxy;
			containerPortal = 954002BE1AE28A6900AB8D69 /* Project object */;
			proxyType = 1;
			remoteGlobalIDString = 954002C51AE28A6900AB8D69;
			remoteInfo = "My plant and me";
		};
		954002FA1AE2D50A00AB8D69 /* PBXContainerItemProxy */ = {
			isa = PBXContainerItemProxy;
			containerPortal = 954002F31AE2D50900AB8D69 /* SwiftHTTP.xcodeproj */;
			proxyType = 2;
			remoteGlobalIDString = 6BFD901619C8D8B500DD99B6;
			remoteInfo = SwiftHTTP;
		};
		954002FC1AE2D50A00AB8D69 /* PBXContainerItemProxy */ = {
			isa = PBXContainerItemProxy;
			containerPortal = 954002F31AE2D50900AB8D69 /* SwiftHTTP.xcodeproj */;
			proxyType = 2;
			remoteGlobalIDString = 6BFD902119C8D8B500DD99B6;
			remoteInfo = SwiftHTTPTests;
		};
		954002FE1AE2D50A00AB8D69 /* PBXContainerItemProxy */ = {
			isa = PBXContainerItemProxy;
			containerPortal = 954002F31AE2D50900AB8D69 /* SwiftHTTP.xcodeproj */;
			proxyType = 2;
			remoteGlobalIDString = D958025919E6EEEB003C8218;
			remoteInfo = SwiftHTTPOSX;
		};
		954003001AE2D50A00AB8D69 /* PBXContainerItemProxy */ = {
			isa = PBXContainerItemProxy;
			containerPortal = 954002F31AE2D50900AB8D69 /* SwiftHTTP.xcodeproj */;
			proxyType = 2;
			remoteGlobalIDString = D958026319E6EEEB003C8218;
			remoteInfo = SwiftHTTPOSXTests;
		};
		954003041AE2EAA700AB8D69 /* PBXContainerItemProxy */ = {
			isa = PBXContainerItemProxy;
			containerPortal = 954002F31AE2D50900AB8D69 /* SwiftHTTP.xcodeproj */;
			proxyType = 1;
			remoteGlobalIDString = 6BFD901519C8D8B500DD99B6;
			remoteInfo = SwiftHTTP;
		};
		954003301AE2EE3800AB8D69 /* PBXContainerItemProxy */ = {
			isa = PBXContainerItemProxy;
			containerPortal = 954003291AE2EE3800AB8D69 /* JSONJoy.xcodeproj */;
			proxyType = 2;
			remoteGlobalIDString = 6B3E79B719D355CF006071F7;
			remoteInfo = JSONJoy;
		};
		954003321AE2EE3800AB8D69 /* PBXContainerItemProxy */ = {
			isa = PBXContainerItemProxy;
			containerPortal = 954003291AE2EE3800AB8D69 /* JSONJoy.xcodeproj */;
			proxyType = 2;
			remoteGlobalIDString = 6B3E79C219D355CF006071F7;
			remoteInfo = JSONJoyTests;
		};
		954003341AE2EE3800AB8D69 /* PBXContainerItemProxy */ = {
			isa = PBXContainerItemProxy;
			containerPortal = 954003291AE2EE3800AB8D69 /* JSONJoy.xcodeproj */;
			proxyType = 2;
			remoteGlobalIDString = D958022E19E6ED8E003C8218;
			remoteInfo = JSONJoyOSX;
		};
		954003361AE2EE3800AB8D69 /* PBXContainerItemProxy */ = {
			isa = PBXContainerItemProxy;
			containerPortal = 954003291AE2EE3800AB8D69 /* JSONJoy.xcodeproj */;
			proxyType = 2;
			remoteGlobalIDString = D958023819E6ED8E003C8218;
			remoteInfo = JSONJoyOSXTests;
		};
		954003381AE2EE4D00AB8D69 /* PBXContainerItemProxy */ = {
			isa = PBXContainerItemProxy;
			containerPortal = 954003291AE2EE3800AB8D69 /* JSONJoy.xcodeproj */;
			proxyType = 1;
			remoteGlobalIDString = 6B3E79B619D355CF006071F7;
			remoteInfo = JSONJoy;
		};
/* End PBXContainerItemProxy section */

/* Begin PBXFileReference section */
		954002C61AE28A6900AB8D69 /* My plant and me.app */ = {isa = PBXFileReference; explicitFileType = wrapper.application; includeInIndex = 0; path = "My plant and me.app"; sourceTree = BUILT_PRODUCTS_DIR; };
		954002CA1AE28A6900AB8D69 /* Info.plist */ = {isa = PBXFileReference; lastKnownFileType = text.plist.xml; path = Info.plist; sourceTree = "<group>"; };
		954002CB1AE28A6900AB8D69 /* AppDelegate.swift */ = {isa = PBXFileReference; lastKnownFileType = sourcecode.swift; path = AppDelegate.swift; sourceTree = "<group>"; };
		954002CD1AE28A6900AB8D69 /* MainViewController.swift */ = {isa = PBXFileReference; lastKnownFileType = sourcecode.swift; path = MainViewController.swift; sourceTree = "<group>"; };
		954002D01AE28A6900AB8D69 /* Base */ = {isa = PBXFileReference; lastKnownFileType = file.storyboard; name = Base; path = Base.lproj/Main.storyboard; sourceTree = "<group>"; };
		954002D51AE28A6900AB8D69 /* Base */ = {isa = PBXFileReference; lastKnownFileType = file.xib; name = Base; path = Base.lproj/LaunchScreen.xib; sourceTree = "<group>"; };
		954002DB1AE28A6900AB8D69 /* My plant and meTests.xctest */ = {isa = PBXFileReference; explicitFileType = wrapper.cfbundle; includeInIndex = 0; path = "My plant and meTests.xctest"; sourceTree = BUILT_PRODUCTS_DIR; };
		954002E01AE28A6900AB8D69 /* Info.plist */ = {isa = PBXFileReference; lastKnownFileType = text.plist.xml; path = Info.plist; sourceTree = "<group>"; };
		954002E11AE28A6900AB8D69 /* My_plant_and_meTests.swift */ = {isa = PBXFileReference; lastKnownFileType = sourcecode.swift; path = My_plant_and_meTests.swift; sourceTree = "<group>"; };
		954002EB1AE28F0600AB8D69 /* plantModel.swift */ = {isa = PBXFileReference; fileEncoding = 4; lastKnownFileType = sourcecode.swift; path = plantModel.swift; sourceTree = "<group>"; };
		954002ED1AE293BF00AB8D69 /* PlantComunicator.swift */ = {isa = PBXFileReference; fileEncoding = 4; lastKnownFileType = sourcecode.swift; path = PlantComunicator.swift; sourceTree = "<group>"; };
		954002EF1AE2A11000AB8D69 /* Media.xcassets */ = {isa = PBXFileReference; lastKnownFileType = folder.assetcatalog; path = Media.xcassets; sourceTree = "<group>"; };
		954002F31AE2D50900AB8D69 /* SwiftHTTP.xcodeproj */ = {isa = PBXFileReference; lastKnownFileType = "wrapper.pb-project"; name = SwiftHTTP.xcodeproj; path = ../../../../Development/SwiftHTTP/SwiftHTTP.xcodeproj; sourceTree = "<group>"; };
		954003291AE2EE3800AB8D69 /* JSONJoy.xcodeproj */ = {isa = PBXFileReference; lastKnownFileType = "wrapper.pb-project"; name = JSONJoy.xcodeproj; path = "../../../../Development/JSONJoy-Swift/JSONJoy.xcodeproj"; sourceTree = "<group>"; };
		9540081A1AE3438500AB8D69 /* GraphDataViewController.swift */ = {isa = PBXFileReference; fileEncoding = 4; lastKnownFileType = sourcecode.swift; path = GraphDataViewController.swift; sourceTree = "<group>"; };
/* End PBXFileReference section */

/* Begin PBXFrameworksBuildPhase section */
		954002C31AE28A6900AB8D69 /* Frameworks */ = {
			isa = PBXFrameworksBuildPhase;
			buildActionMask = 2147483647;
			files = (
				9540033A1AE2EE5200AB8D69 /* JSONJoy.framework in Frameworks */,
				954003061AE2EB1000AB8D69 /* SwiftHTTP.framework in Frameworks */,
			);
			runOnlyForDeploymentPostprocessing = 0;
		};
		954002D81AE28A6900AB8D69 /* Frameworks */ = {
			isa = PBXFrameworksBuildPhase;
			buildActionMask = 2147483647;
			files = (
			);
			runOnlyForDeploymentPostprocessing = 0;
		};
/* End PBXFrameworksBuildPhase section */

/* Begin PBXGroup section */
		954002BD1AE28A6800AB8D69 = {
			isa = PBXGroup;
			children = (
				954003291AE2EE3800AB8D69 /* JSONJoy.xcodeproj */,
				954002F31AE2D50900AB8D69 /* SwiftHTTP.xcodeproj */,
				954002C81AE28A6900AB8D69 /* My plant and me */,
				954002DE1AE28A6900AB8D69 /* My plant and meTests */,
				954002C71AE28A6900AB8D69 /* Products */,
			);
			sourceTree = "<group>";
		};
		954002C71AE28A6900AB8D69 /* Products */ = {
			isa = PBXGroup;
			children = (
				954002C61AE28A6900AB8D69 /* My plant and me.app */,
				954002DB1AE28A6900AB8D69 /* My plant and meTests.xctest */,
			);
			name = Products;
			sourceTree = "<group>";
		};
		954002C81AE28A6900AB8D69 /* My plant and me */ = {
			isa = PBXGroup;
			children = (
				9540081D1AE3AC0000AB8D69 /* viewControllers */,
				9540081C1AE3ABD400AB8D69 /* model */,
				954002CF1AE28A6900AB8D69 /* Main.storyboard */,
				954002C91AE28A6900AB8D69 /* Supporting Files */,
			);
			path = "My plant and me";
			sourceTree = "<group>";
		};
		954002C91AE28A6900AB8D69 /* Supporting Files */ = {
			isa = PBXGroup;
			children = (
				954002EF1AE2A11000AB8D69 /* Media.xcassets */,
				954002D41AE28A6900AB8D69 /* LaunchScreen.xib */,
				954002CB1AE28A6900AB8D69 /* AppDelegate.swift */,
				954002CA1AE28A6900AB8D69 /* Info.plist */,
			);
			name = "Supporting Files";
			sourceTree = "<group>";
		};
		954002DE1AE28A6900AB8D69 /* My plant and meTests */ = {
			isa = PBXGroup;
			children = (
				954002E11AE28A6900AB8D69 /* My_plant_and_meTests.swift */,
				954002DF1AE28A6900AB8D69 /* Supporting Files */,
			);
			path = "My plant and meTests";
			sourceTree = "<group>";
		};
		954002DF1AE28A6900AB8D69 /* Supporting Files */ = {
			isa = PBXGroup;
			children = (
				954002E01AE28A6900AB8D69 /* Info.plist */,
			);
			name = "Supporting Files";
			sourceTree = "<group>";
		};
		954002F41AE2D50900AB8D69 /* Products */ = {
			isa = PBXGroup;
			children = (
				954002FB1AE2D50A00AB8D69 /* SwiftHTTP.framework */,
				954002FD1AE2D50A00AB8D69 /* SwiftHTTPTests.xctest */,
				954002FF1AE2D50A00AB8D69 /* SwiftHTTP.framework */,
				954003011AE2D50A00AB8D69 /* SwiftHTTPOSXTests.xctest */,
			);
			name = Products;
			sourceTree = "<group>";
		};
		9540032A1AE2EE3800AB8D69 /* Products */ = {
			isa = PBXGroup;
			children = (
				954003311AE2EE3800AB8D69 /* JSONJoy.framework */,
				954003331AE2EE3800AB8D69 /* JSONJoyTests.xctest */,
				954003351AE2EE3800AB8D69 /* JSONJoy.framework */,
				954003371AE2EE3800AB8D69 /* JSONJoyOSXTests.xctest */,
			);
			name = Products;
			sourceTree = "<group>";
		};
		9540081C1AE3ABD400AB8D69 /* model */ = {
			isa = PBXGroup;
			children = (
				954002EB1AE28F0600AB8D69 /* plantModel.swift */,
				954002ED1AE293BF00AB8D69 /* PlantComunicator.swift */,
			);
			name = model;
			sourceTree = "<group>";
		};
		9540081D1AE3AC0000AB8D69 /* viewControllers */ = {
			isa = PBXGroup;
			children = (
				9540081A1AE3438500AB8D69 /* GraphDataViewController.swift */,
				954002CD1AE28A6900AB8D69 /* MainViewController.swift */,
			);
			name = viewControllers;
			sourceTree = "<group>";
		};
/* End PBXGroup section */

/* Begin PBXNativeTarget section */
		954002C51AE28A6900AB8D69 /* My plant and me */ = {
			isa = PBXNativeTarget;
			buildConfigurationList = 954002E51AE28A6900AB8D69 /* Build configuration list for PBXNativeTarget "My plant and me" */;
			buildPhases = (
				954002C21AE28A6900AB8D69 /* Sources */,
				954002C31AE28A6900AB8D69 /* Frameworks */,
				954002C41AE28A6900AB8D69 /* Resources */,
			);
			buildRules = (
			);
			dependencies = (
				954003391AE2EE4D00AB8D69 /* PBXTargetDependency */,
				954003051AE2EAA700AB8D69 /* PBXTargetDependency */,
			);
			name = "My plant and me";
			productName = "My plant and me";
			productReference = 954002C61AE28A6900AB8D69 /* My plant and me.app */;
			productType = "com.apple.product-type.application";
		};
		954002DA1AE28A6900AB8D69 /* My plant and meTests */ = {
			isa = PBXNativeTarget;
			buildConfigurationList = 954002E81AE28A6900AB8D69 /* Build configuration list for PBXNativeTarget "My plant and meTests" */;
			buildPhases = (
				954002D71AE28A6900AB8D69 /* Sources */,
				954002D81AE28A6900AB8D69 /* Frameworks */,
				954002D91AE28A6900AB8D69 /* Resources */,
			);
			buildRules = (
			);
			dependencies = (
				954002DD1AE28A6900AB8D69 /* PBXTargetDependency */,
			);
			name = "My plant and meTests";
			productName = "My plant and meTests";
			productReference = 954002DB1AE28A6900AB8D69 /* My plant and meTests.xctest */;
			productType = "com.apple.product-type.bundle.unit-test";
		};
/* End PBXNativeTarget section */

/* Begin PBXProject section */
		954002BE1AE28A6900AB8D69 /* Project object */ = {
			isa = PBXProject;
			attributes = {
				LastUpgradeCheck = 0630;
				ORGANIZATIONNAME = purplicious;
				TargetAttributes = {
					954002C51AE28A6900AB8D69 = {
						CreatedOnToolsVersion = 6.3;
					};
					954002DA1AE28A6900AB8D69 = {
						CreatedOnToolsVersion = 6.3;
						TestTargetID = 954002C51AE28A6900AB8D69;
					};
				};
			};
			buildConfigurationList = 954002C11AE28A6900AB8D69 /* Build configuration list for PBXProject "My plant and me" */;
			compatibilityVersion = "Xcode 3.2";
			developmentRegion = English;
			hasScannedForEncodings = 0;
			knownRegions = (
				en,
				Base,
				English,
			);
			mainGroup = 954002BD1AE28A6800AB8D69;
			productRefGroup = 954002C71AE28A6900AB8D69 /* Products */;
			projectDirPath = "";
			projectReferences = (
				{
					ProductGroup = 9540032A1AE2EE3800AB8D69 /* Products */;
					ProjectRef = 954003291AE2EE3800AB8D69 /* JSONJoy.xcodeproj */;
				},
				{
					ProductGroup = 954002F41AE2D50900AB8D69 /* Products */;
					ProjectRef = 954002F31AE2D50900AB8D69 /* SwiftHTTP.xcodeproj */;
				},
			);
			projectRoot = "";
			targets = (
				954002C51AE28A6900AB8D69 /* My plant and me */,
				954002DA1AE28A6900AB8D69 /* My plant and meTests */,
			);
		};
/* End PBXProject section */

/* Begin PBXReferenceProxy section */
		954002FB1AE2D50A00AB8D69 /* SwiftHTTP.framework */ = {
			isa = PBXReferenceProxy;
			fileType = wrapper.framework;
			path = SwiftHTTP.framework;
			remoteRef = 954002FA1AE2D50A00AB8D69 /* PBXContainerItemProxy */;
			sourceTree = BUILT_PRODUCTS_DIR;
		};
		954002FD1AE2D50A00AB8D69 /* SwiftHTTPTests.xctest */ = {
			isa = PBXReferenceProxy;
			fileType = wrapper.cfbundle;
			path = SwiftHTTPTests.xctest;
			remoteRef = 954002FC1AE2D50A00AB8D69 /* PBXContainerItemProxy */;
			sourceTree = BUILT_PRODUCTS_DIR;
		};
		954002FF1AE2D50A00AB8D69 /* SwiftHTTP.framework */ = {
			isa = PBXReferenceProxy;
			fileType = wrapper.framework;
			path = SwiftHTTP.framework;
			remoteRef = 954002FE1AE2D50A00AB8D69 /* PBXContainerItemProxy */;
			sourceTree = BUILT_PRODUCTS_DIR;
		};
		954003011AE2D50A00AB8D69 /* SwiftHTTPOSXTests.xctest */ = {
			isa = PBXReferenceProxy;
			fileType = wrapper.cfbundle;
			path = SwiftHTTPOSXTests.xctest;
			remoteRef = 954003001AE2D50A00AB8D69 /* PBXContainerItemProxy */;
			sourceTree = BUILT_PRODUCTS_DIR;
		};
		954003311AE2EE3800AB8D69 /* JSONJoy.framework */ = {
			isa = PBXReferenceProxy;
			fileType = wrapper.framework;
			path = JSONJoy.framework;
			remoteRef = 954003301AE2EE3800AB8D69 /* PBXContainerItemProxy */;
			sourceTree = BUILT_PRODUCTS_DIR;
		};
		954003331AE2EE3800AB8D69 /* JSONJoyTests.xctest */ = {
			isa = PBXReferenceProxy;
			fileType = wrapper.cfbundle;
			path = JSONJoyTests.xctest;
			remoteRef = 954003321AE2EE3800AB8D69 /* PBXContainerItemProxy */;
			sourceTree = BUILT_PRODUCTS_DIR;
		};
		954003351AE2EE3800AB8D69 /* JSONJoy.framework */ = {
			isa = PBXReferenceProxy;
			fileType = wrapper.framework;
			path = JSONJoy.framework;
			remoteRef = 954003341AE2EE3800AB8D69 /* PBXContainerItemProxy */;
			sourceTree = BUILT_PRODUCTS_DIR;
		};
		954003371AE2EE3800AB8D69 /* JSONJoyOSXTests.xctest */ = {
			isa = PBXReferenceProxy;
			fileType = wrapper.cfbundle;
			path = JSONJoyOSXTests.xctest;
			remoteRef = 954003361AE2EE3800AB8D69 /* PBXContainerItemProxy */;
			sourceTree = BUILT_PRODUCTS_DIR;
		};
/* End PBXReferenceProxy section */

/* Begin PBXResourcesBuildPhase section */
		954002C41AE28A6900AB8D69 /* Resources */ = {
			isa = PBXResourcesBuildPhase;
			buildActionMask = 2147483647;
			files = (
				954002D11AE28A6900AB8D69 /* Main.storyboard in Resources */,
				954002F01AE2A11000AB8D69 /* Media.xcassets in Resources */,
				954002D61AE28A6900AB8D69 /* LaunchScreen.xib in Resources */,
			);
			runOnlyForDeploymentPostprocessing = 0;
		};
		954002D91AE28A6900AB8D69 /* Resources */ = {
			isa = PBXResourcesBuildPhase;
			buildActionMask = 2147483647;
			files = (
			);
			runOnlyForDeploymentPostprocessing = 0;
		};
/* End PBXResourcesBuildPhase section */

/* Begin PBXSourcesBuildPhase section */
		954002C21AE28A6900AB8D69 /* Sources */ = {
			isa = PBXSourcesBuildPhase;
			buildActionMask = 2147483647;
			files = (
				954002EE1AE293BF00AB8D69 /* PlantComunicator.swift in Sources */,
				954002CE1AE28A6900AB8D69 /* MainViewController.swift in Sources */,
				954002CC1AE28A6900AB8D69 /* AppDelegate.swift in Sources */,
				954002EC1AE28F0600AB8D69 /* plantModel.swift in Sources */,
				9540081B1AE3438500AB8D69 /* GraphDataViewController.swift in Sources */,
			);
			runOnlyForDeploymentPostprocessing = 0;
		};
		954002D71AE28A6900AB8D69 /* Sources */ = {
			isa = PBXSourcesBuildPhase;
			buildActionMask = 2147483647;
			files = (
				954002E21AE28A6900AB8D69 /* My_plant_and_meTests.swift in Sources */,
			);
			runOnlyForDeploymentPostprocessing = 0;
		};
/* End PBXSourcesBuildPhase section */

/* Begin PBXTargetDependency section */
		954002DD1AE28A6900AB8D69 /* PBXTargetDependency */ = {
			isa = PBXTargetDependency;
			target = 954002C51AE28A6900AB8D69 /* My plant and me */;
			targetProxy = 954002DC1AE28A6900AB8D69 /* PBXContainerItemProxy */;
		};
		954003051AE2EAA700AB8D69 /* PBXTargetDependency */ = {
			isa = PBXTargetDependency;
			name = SwiftHTTP;
			targetProxy = 954003041AE2EAA700AB8D69 /* PBXContainerItemProxy */;
		};
		954003391AE2EE4D00AB8D69 /* PBXTargetDependency */ = {
			isa = PBXTargetDependency;
			name = JSONJoy;
			targetProxy = 954003381AE2EE4D00AB8D69 /* PBXContainerItemProxy */;
		};
/* End PBXTargetDependency section */

/* Begin PBXVariantGroup section */
		954002CF1AE28A6900AB8D69 /* Main.storyboard */ = {
			isa = PBXVariantGroup;
			children = (
				954002D01AE28A6900AB8D69 /* Base */,
			);
			name = Main.storyboard;
			sourceTree = "<group>";
		};
		954002D41AE28A6900AB8D69 /* LaunchScreen.xib */ = {
			isa = PBXVariantGroup;
			children = (
				954002D51AE28A6900AB8D69 /* Base */,
			);
			name = LaunchScreen.xib;
			sourceTree = "<group>";
		};
/* End PBXVariantGroup section */

/* Begin XCBuildConfiguration section */
		954002E31AE28A6900AB8D69 /* Debug */ = {
			isa = XCBuildConfiguration;
			buildSettings = {
				ALWAYS_SEARCH_USER_PATHS = YES;
				CLANG_CXX_LANGUAGE_STANDARD = "gnu++0x";
				CLANG_CXX_LIBRARY = "libc++";
				CLANG_ENABLE_MODULES = YES;
				CLANG_ENABLE_OBJC_ARC = YES;
				CLANG_WARN_BOOL_CONVERSION = YES;
				CLANG_WARN_CONSTANT_CONVERSION = YES;
				CLANG_WARN_DIRECT_OBJC_ISA_USAGE = YES_ERROR;
				CLANG_WARN_EMPTY_BODY = YES;
				CLANG_WARN_ENUM_CONVERSION = YES;
				CLANG_WARN_INT_CONVERSION = YES;
				CLANG_WARN_OBJC_ROOT_CLASS = YES_ERROR;
				CLANG_WARN_UNREACHABLE_CODE = YES;
				CLANG_WARN__DUPLICATE_METHOD_MATCH = YES;
				"CODE_SIGN_IDENTITY[sdk=iphoneos*]" = "iPhone Developer";
				COPY_PHASE_STRIP = NO;
				DEBUG_INFORMATION_FORMAT = "dwarf-with-dsym";
				ENABLE_STRICT_OBJC_MSGSEND = YES;
				GCC_C_LANGUAGE_STANDARD = gnu99;
				GCC_DYNAMIC_NO_PIC = NO;
				GCC_NO_COMMON_BLOCKS = YES;
				GCC_OPTIMIZATION_LEVEL = 0;
				GCC_PREPROCESSOR_DEFINITIONS = (
					"DEBUG=1",
					"$(inherited)",
				);
				GCC_SYMBOLS_PRIVATE_EXTERN = NO;
				GCC_WARN_64_TO_32_BIT_CONVERSION = YES;
				GCC_WARN_ABOUT_RETURN_TYPE = YES_ERROR;
				GCC_WARN_UNDECLARED_SELECTOR = YES;
				GCC_WARN_UNINITIALIZED_AUTOS = YES_AGGRESSIVE;
				GCC_WARN_UNUSED_FUNCTION = YES;
				GCC_WARN_UNUSED_VARIABLE = YES;
				IPHONEOS_DEPLOYMENT_TARGET = 8.3;
				MTL_ENABLE_DEBUG_INFO = YES;
				ONLY_ACTIVE_ARCH = YES;
				SDKROOT = iphoneos;
				SWIFT_OPTIMIZATION_LEVEL = "-Onone";
				TARGETED_DEVICE_FAMILY = "1,2";
			};
			name = Debug;
		};
		954002E41AE28A6900AB8D69 /* Release */ = {
			isa = XCBuildConfiguration;
			buildSettings = {
				ALWAYS_SEARCH_USER_PATHS = YES;
				CLANG_CXX_LANGUAGE_STANDARD = "gnu++0x";
				CLANG_CXX_LIBRARY = "libc++";
				CLANG_ENABLE_MODULES = YES;
				CLANG_ENABLE_OBJC_ARC = YES;
				CLANG_WARN_BOOL_CONVERSION = YES;
				CLANG_WARN_CONSTANT_CONVERSION = YES;
				CLANG_WARN_DIRECT_OBJC_ISA_USAGE = YES_ERROR;
				CLANG_WARN_EMPTY_BODY = YES;
				CLANG_WARN_ENUM_CONVERSION = YES;
				CLANG_WARN_INT_CONVERSION = YES;
				CLANG_WARN_OBJC_ROOT_CLASS = YES_ERROR;
				CLANG_WARN_UNREACHABLE_CODE = YES;
				CLANG_WARN__DUPLICATE_METHOD_MATCH = YES;
				"CODE_SIGN_IDENTITY[sdk=iphoneos*]" = "iPhone Developer";
				COPY_PHASE_STRIP = NO;
				DEBUG_INFORMATION_FORMAT = "dwarf-with-dsym";
				ENABLE_NS_ASSERTIONS = NO;
				ENABLE_STRICT_OBJC_MSGSEND = YES;
				GCC_C_LANGUAGE_STANDARD = gnu99;
				GCC_NO_COMMON_BLOCKS = YES;
				GCC_WARN_64_TO_32_BIT_CONVERSION = YES;
				GCC_WARN_ABOUT_RETURN_TYPE = YES_ERROR;
				GCC_WARN_UNDECLARED_SELECTOR = YES;
				GCC_WARN_UNINITIALIZED_AUTOS = YES_AGGRESSIVE;
				GCC_WARN_UNUSED_FUNCTION = YES;
				GCC_WARN_UNUSED_VARIABLE = YES;
				"HEADER_SEARCH_PATHS[arch=*]" = "\"$(SRCROOT)/../../../../Development/SwiftHTTP/SwiftHTTP.h\"";
				IPHONEOS_DEPLOYMENT_TARGET = 8.3;
				MTL_ENABLE_DEBUG_INFO = NO;
				SDKROOT = iphoneos;
				TARGETED_DEVICE_FAMILY = "1,2";
				VALIDATE_PRODUCT = YES;
			};
			name = Release;
		};
		954002E61AE28A6900AB8D69 /* Debug */ = {
			isa = XCBuildConfiguration;
			buildSettings = {
				ASSETCATALOG_COMPILER_APPICON_NAME = AppIcon;
				FRAMEWORK_SEARCH_PATHS = (
					"$(inherited)",
					/Users/zephyz/Development/CorePlot_1.4/Binaries/MacOS,
				);
				INFOPLIST_FILE = "My plant and me/Info.plist";
				LD_RUNPATH_SEARCH_PATHS = "$(inherited) @executable_path/Frameworks";
				LIBRARY_SEARCH_PATHS = (
					"$(inherited)",
					/Users/zephyz/Development/CorePlot_1.4/Binaries/iOS,
				);
				PRODUCT_NAME = "$(TARGET_NAME)";
			};
			name = Debug;
		};
		954002E71AE28A6900AB8D69 /* Release */ = {
			isa = XCBuildConfiguration;
			buildSettings = {
				ASSETCATALOG_COMPILER_APPICON_NAME = AppIcon;
				FRAMEWORK_SEARCH_PATHS = (
					"$(inherited)",
					/Users/zephyz/Development/CorePlot_1.4/Binaries/MacOS,
				);
				INFOPLIST_FILE = "My plant and me/Info.plist";
				LD_RUNPATH_SEARCH_PATHS = "$(inherited) @executable_path/Frameworks";
				LIBRARY_SEARCH_PATHS = (
					"$(inherited)",
					/Users/zephyz/Development/CorePlot_1.4/Binaries/iOS,
				);
				PRODUCT_NAME = "$(TARGET_NAME)";
			};
			name = Release;
		};
		954002E91AE28A6900AB8D69 /* Debug */ = {
			isa = XCBuildConfiguration;
			buildSettings = {
				BUNDLE_LOADER = "$(TEST_HOST)";
				FRAMEWORK_SEARCH_PATHS = (
					"$(SDKROOT)/Developer/Library/Frameworks",
					"$(inherited)",
				);
				GCC_PREPROCESSOR_DEFINITIONS = (
					"DEBUG=1",
					"$(inherited)",
				);
				INFOPLIST_FILE = "My plant and meTests/Info.plist";
				LD_RUNPATH_SEARCH_PATHS = "$(inherited) @executable_path/Frameworks @loader_path/Frameworks";
				PRODUCT_NAME = "$(TARGET_NAME)";
				TEST_HOST = "$(BUILT_PRODUCTS_DIR)/My plant and me.app/My plant and me";
			};
			name = Debug;
		};
		954002EA1AE28A6900AB8D69 /* Release */ = {
			isa = XCBuildConfiguration;
			buildSettings = {
				BUNDLE_LOADER = "$(TEST_HOST)";
				FRAMEWORK_SEARCH_PATHS = (
					"$(SDKROOT)/Developer/Library/Frameworks",
					"$(inherited)",
				);
				INFOPLIST_FILE = "My plant and meTests/Info.plist";
				LD_RUNPATH_SEARCH_PATHS = "$(inherited) @executable_path/Frameworks @loader_path/Frameworks";
				PRODUCT_NAME = "$(TARGET_NAME)";
				TEST_HOST = "$(BUILT_PRODUCTS_DIR)/My plant and me.app/My plant and me";
			};
			name = Release;
		};
/* End XCBuildConfiguration section */

/* Begin XCConfigurationList section */
		954002C11AE28A6900AB8D69 /* Build configuration list for PBXProject "My plant and me" */ = {
			isa = XCConfigurationList;
			buildConfigurations = (
				954002E31AE28A6900AB8D69 /* Debug */,
				954002E41AE28A6900AB8D69 /* Release */,
			);
			defaultConfigurationIsVisible = 0;
			defaultConfigurationName = Release;
		};
		954002E51AE28A6900AB8D69 /* Build configuration list for PBXNativeTarget "My plant and me" */ = {
			isa = XCConfigurationList;
			buildConfigurations = (
				954002E61AE28A6900AB8D69 /* Debug */,
				954002E71AE28A6900AB8D69 /* Release */,
			);
			defaultConfigurationIsVisible = 0;
			defaultConfigurationName = Release;
		};
		954002E81AE28A6900AB8D69 /* Build configuration list for PBXNativeTarget "My plant and meTests" */ = {
			isa = XCConfigurationList;
			buildConfigurations = (
				954002E91AE28A6900AB8D69 /* Debug */,
				954002EA1AE28A6900AB8D69 /* Release */,
			);
			defaultConfigurationIsVisible = 0;
			defaultConfigurationName = Release;
		};
/* End XCConfigurationList section */
	};
	rootObject = 954002BE1AE28A6900AB8D69 /* Project object */;
}
